
Microsoft Visual Studio Solution File, Format Version 12.00
# Visual Studio 15
VisualStudioVersion = 15.0.27130.2036
MinimumVisualStudioVersion = 10.0.40219.1
Project("{FAE04EC0-301F-11D3-BF4B-00C04F79EFBC}") = "JoystickPanGestureBug.Android", "JoystickPanGestureBug\JoystickPanGestureBug.Android\JoystickPanGestureBug.Android.csproj", "{5044FD10-BFFE-4E24-BC49-BC903880FBB9}"
EndProject
Project("{FAE04EC0-301F-11D3-BF4B-00C04F79EFBC}") = "JoystickPanGestureBug", "JoystickPanGestureBug\JoystickPanGestureBug\JoystickPanGestureBug.csproj", "{C5804FAF-0E28-4127-A753-9CE50EC8792F}"
EndProject
Global
	GlobalSection(SolutionConfigurationPlatforms) = preSolution
		Debug|Any CPU = Debug|Any CPU
		Release|Any CPU = Release|Any CPU
	EndGlobalSection
	GlobalSection(ProjectConfigurationPlatforms) = postSolution
		{5044FD10-BFFE-4E24-BC49-BC903880FBB9}.Debug|Any CPU.ActiveCfg = Debug|Any CPU
		{5044FD10-BFFE-4E24-BC49-BC903880FBB9}.Debug|Any CPU.Build.0 = Debug|Any CPU
		{5044FD10-BFFE-4E24-BC49-BC903880FBB9}.Debug|Any CPU.Deploy.0 = Debug|Any CPU
		{5044FD10-BFFE-4E24-BC49-BC903880FBB9}.Release|Any CPU.ActiveCfg = Release|Any CPU
		{5044FD10-BFFE-4E24-BC49-BC903880FBB9}.Release|Any CPU.Build.0 = Release|Any CPU
		{5044FD10-BFFE-4E24-BC49-BC903880FBB9}.Release|Any CPU.Deploy.0 = Release|Any CPU
		{C5804FAF-0E28-4127-A753-9CE50EC8792F}.Debug|Any CPU.ActiveCfg = Debug|Any CPU
		{C5804FAF-0E28-4127-A753-9CE50EC8792F}.Debug|Any CPU.Build.0 = Debug|Any CPU
		{C5804FAF-0E28-4127-A753-9CE50EC8792F}.Release|Any CPU.ActiveCfg = Release|Any CPU
		{C5804FAF-0E28-4127-A753-9CE50EC8792F}.Release|Any CPU.Build.0 = Release|Any CPU
	EndGlobalSection
	GlobalSection(SolutionProperties) = preSolution
		HideSolutionNode = FALSE
	EndGlobalSection
	GlobalSection(ExtensibilityGlobals) = postSolution
		SolutionGuid = {8FCBFC64-966B-4A6D-8765-CB8ED3CCE8F1}
	EndGlobalSection
EndGlobal
